// !$*UTF8*$!
{
	archiveVersion = 1;
	classes = {
	};
	objectVersion = 46;
	objects = {

/* Begin PBXBuildFile section */
		232132A11959E5DA009F2E19 /* AddGradeViewController.m in Sources */ = {isa = PBXBuildFile; fileRef = 232132A01959E5DA009F2E19 /* AddGradeViewController.m */; };
		23245701195B1E2D00524722 /* FDGraphScrollView.m in Sources */ = {isa = PBXBuildFile; fileRef = 232456FE195B1E2D00524722 /* FDGraphScrollView.m */; };
		23245702195B1E2D00524722 /* FDGraphView.m in Sources */ = {isa = PBXBuildFile; fileRef = 23245700195B1E2D00524722 /* FDGraphView.m */; };
		23359C361959A43700CAD274 /* GradeViewController.m in Sources */ = {isa = PBXBuildFile; fileRef = 23359C351959A43700CAD274 /* GradeViewController.m */; };
		23359C3A1959AA8C00CAD274 /* GradeTableViewController.m in Sources */ = {isa = PBXBuildFile; fileRef = 23359C391959AA8C00CAD274 /* GradeTableViewController.m */; };
		23359C3D1959AA9F00CAD274 /* GraphViewController.m in Sources */ = {isa = PBXBuildFile; fileRef = 23359C3C1959AA9F00CAD274 /* GraphViewController.m */; };
		23359C401959AAE500CAD274 /* GradeTableViewCell.m in Sources */ = {isa = PBXBuildFile; fileRef = 23359C3F1959AAE500CAD274 /* GradeTableViewCell.m */; };
		2354FEB019587D2200A04FD3 /* Foundation.framework in Frameworks */ = {isa = PBXBuildFile; fileRef = 2354FEAF19587D2200A04FD3 /* Foundation.framework */; };
		2354FEB219587D2200A04FD3 /* CoreGraphics.framework in Frameworks */ = {isa = PBXBuildFile; fileRef = 2354FEB119587D2200A04FD3 /* CoreGraphics.framework */; };
		2354FEB419587D2200A04FD3 /* UIKit.framework in Frameworks */ = {isa = PBXBuildFile; fileRef = 2354FEB319587D2200A04FD3 /* UIKit.framework */; };
		2354FEBA19587D2200A04FD3 /* InfoPlist.strings in Resources */ = {isa = PBXBuildFile; fileRef = 2354FEB819587D2200A04FD3 /* InfoPlist.strings */; };
		2354FEBC19587D2200A04FD3 /* main.m in Sources */ = {isa = PBXBuildFile; fileRef = 2354FEBB19587D2200A04FD3 /* main.m */; };
		2354FEC019587D2200A04FD3 /* AppDelegate.m in Sources */ = {isa = PBXBuildFile; fileRef = 2354FEBF19587D2200A04FD3 /* AppDelegate.m */; };
		2354FEC319587D2200A04FD3 /* Main.storyboard in Resources */ = {isa = PBXBuildFile; fileRef = 2354FEC119587D2200A04FD3 /* Main.storyboard */; };
		2354FEC619587D2200A04FD3 /* MasterViewController.m in Sources */ = {isa = PBXBuildFile; fileRef = 2354FEC519587D2200A04FD3 /* MasterViewController.m */; };
		2354FECB19587D2200A04FD3 /* Images.xcassets in Resources */ = {isa = PBXBuildFile; fileRef = 2354FECA19587D2200A04FD3 /* Images.xcassets */; };
		2354FED219587D2200A04FD3 /* XCTest.framework in Frameworks */ = {isa = PBXBuildFile; fileRef = 2354FED119587D2200A04FD3 /* XCTest.framework */; };
		2354FED319587D2200A04FD3 /* Foundation.framework in Frameworks */ = {isa = PBXBuildFile; fileRef = 2354FEAF19587D2200A04FD3 /* Foundation.framework */; };
		2354FED419587D2200A04FD3 /* UIKit.framework in Frameworks */ = {isa = PBXBuildFile; fileRef = 2354FEB319587D2200A04FD3 /* UIKit.framework */; };
		2354FEDC19587D2200A04FD3 /* InfoPlist.strings in Resources */ = {isa = PBXBuildFile; fileRef = 2354FEDA19587D2200A04FD3 /* InfoPlist.strings */; };
		2354FEDE19587D2200A04FD3 /* BuzzTests.m in Sources */ = {isa = PBXBuildFile; fileRef = 2354FEDD19587D2200A04FD3 /* BuzzTests.m */; };
		23BFAF2019598B62008D60DC /* Subject.m in Sources */ = {isa = PBXBuildFile; fileRef = 23BFAF1F19598B62008D60DC /* Subject.m */; };
		23BFAF2419598B77008D60DC /* Grade.m in Sources */ = {isa = PBXBuildFile; fileRef = 23BFAF2319598B77008D60DC /* Grade.m */; };
		23BFAF2719598EF5008D60DC /* OverviewTableViewCell.m in Sources */ = {isa = PBXBuildFile; fileRef = 23BFAF2619598EF5008D60DC /* OverviewTableViewCell.m */; };
		23BFAF2B1959942B008D60DC /* AddSubjectViewController.m in Sources */ = {isa = PBXBuildFile; fileRef = 23BFAF2A1959942B008D60DC /* AddSubjectViewController.m */; };
/* End PBXBuildFile section */

/* Begin PBXContainerItemProxy section */
		2354FED519587D2200A04FD3 /* PBXContainerItemProxy */ = {
			isa = PBXContainerItemProxy;
			containerPortal = 2354FEA419587D2100A04FD3 /* Project object */;
			proxyType = 1;
			remoteGlobalIDString = 2354FEAB19587D2200A04FD3;
			remoteInfo = Buzz;
		};
/* End PBXContainerItemProxy section */

/* Begin PBXFileReference section */
		2321329F1959E5DA009F2E19 /* AddGradeViewController.h */ = {isa = PBXFileReference; fileEncoding = 4; lastKnownFileType = sourcecode.c.h; path = AddGradeViewController.h; sourceTree = "<group>"; };
		232132A01959E5DA009F2E19 /* AddGradeViewController.m */ = {isa = PBXFileReference; fileEncoding = 4; lastKnownFileType = sourcecode.c.objc; path = AddGradeViewController.m; sourceTree = "<group>"; };
		232456FD195B1E2D00524722 /* FDGraphScrollView.h */ = {isa = PBXFileReference; fileEncoding = 4; lastKnownFileType = sourcecode.c.h; path = FDGraphScrollView.h; sourceTree = "<group>"; };
		232456FE195B1E2D00524722 /* FDGraphScrollView.m */ = {isa = PBXFileReference; fileEncoding = 4; lastKnownFileType = sourcecode.c.objc; path = FDGraphScrollView.m; sourceTree = "<group>"; };
		232456FF195B1E2D00524722 /* FDGraphView.h */ = {isa = PBXFileReference; fileEncoding = 4; lastKnownFileType = sourcecode.c.h; path = FDGraphView.h; sourceTree = "<group>"; };
		23245700195B1E2D00524722 /* FDGraphView.m */ = {isa = PBXFileReference; fileEncoding = 4; lastKnownFileType = sourcecode.c.objc; path = FDGraphView.m; sourceTree = "<group>"; };
		23359C341959A43700CAD274 /* GradeViewController.h */ = {isa = PBXFileReference; fileEncoding = 4; lastKnownFileType = sourcecode.c.h; path = GradeViewController.h; sourceTree = "<group>"; };
		23359C351959A43700CAD274 /* GradeViewController.m */ = {isa = PBXFileReference; fileEncoding = 4; lastKnownFileType = sourcecode.c.objc; path = GradeViewController.m; sourceTree = "<group>"; };
		23359C381959AA8C00CAD274 /* GradeTableViewController.h */ = {isa = PBXFileReference; fileEncoding = 4; lastKnownFileType = sourcecode.c.h; path = GradeTableViewController.h; sourceTree = "<group>"; };
		23359C391959AA8C00CAD274 /* GradeTableViewController.m */ = {isa = PBXFileReference; fileEncoding = 4; lastKnownFileType = sourcecode.c.objc; path = GradeTableViewController.m; sourceTree = "<group>"; };
		23359C3B1959AA9F00CAD274 /* GraphViewController.h */ = {isa = PBXFileReference; fileEncoding = 4; lastKnownFileType = sourcecode.c.h; path = GraphViewController.h; sourceTree = "<group>"; };
		23359C3C1959AA9F00CAD274 /* GraphViewController.m */ = {isa = PBXFileReference; fileEncoding = 4; lastKnownFileType = sourcecode.c.objc; path = GraphViewController.m; sourceTree = "<group>"; };
		23359C3E1959AAE500CAD274 /* GradeTableViewCell.h */ = {isa = PBXFileReference; fileEncoding = 4; lastKnownFileType = sourcecode.c.h; path = GradeTableViewCell.h; sourceTree = "<group>"; };
		23359C3F1959AAE500CAD274 /* GradeTableViewCell.m */ = {isa = PBXFileReference; fileEncoding = 4; lastKnownFileType = sourcecode.c.objc; path = GradeTableViewCell.m; sourceTree = "<group>"; };
		2354FEAC19587D2200A04FD3 /* Buzz.app */ = {isa = PBXFileReference; explicitFileType = wrapper.application; includeInIndex = 0; path = Buzz.app; sourceTree = BUILT_PRODUCTS_DIR; };
		2354FEAF19587D2200A04FD3 /* Foundation.framework */ = {isa = PBXFileReference; lastKnownFileType = wrapper.framework; name = Foundation.framework; path = System/Library/Frameworks/Foundation.framework; sourceTree = SDKROOT; };
		2354FEB119587D2200A04FD3 /* CoreGraphics.framework */ = {isa = PBXFileReference; lastKnownFileType = wrapper.framework; name = CoreGraphics.framework; path = System/Library/Frameworks/CoreGraphics.framework; sourceTree = SDKROOT; };
		2354FEB319587D2200A04FD3 /* UIKit.framework */ = {isa = PBXFileReference; lastKnownFileType = wrapper.framework; name = UIKit.framework; path = System/Library/Frameworks/UIKit.framework; sourceTree = SDKROOT; };
		2354FEB719587D2200A04FD3 /* Buzz-Info.plist */ = {isa = PBXFileReference; lastKnownFileType = text.plist.xml; path = "Buzz-Info.plist"; sourceTree = "<group>"; };
		2354FEB919587D2200A04FD3 /* en */ = {isa = PBXFileReference; lastKnownFileType = text.plist.strings; name = en; path = en.lproj/InfoPlist.strings; sourceTree = "<group>"; };
		2354FEBB19587D2200A04FD3 /* main.m */ = {isa = PBXFileReference; lastKnownFileType = sourcecode.c.objc; path = main.m; sourceTree = "<group>"; };
		2354FEBD19587D2200A04FD3 /* Buzz-Prefix.pch */ = {isa = PBXFileReference; lastKnownFileType = sourcecode.c.h; path = "Buzz-Prefix.pch"; sourceTree = "<group>"; };
		2354FEBE19587D2200A04FD3 /* AppDelegate.h */ = {isa = PBXFileReference; lastKnownFileType = sourcecode.c.h; path = AppDelegate.h; sourceTree = "<group>"; };
		2354FEBF19587D2200A04FD3 /* AppDelegate.m */ = {isa = PBXFileReference; lastKnownFileType = sourcecode.c.objc; path = AppDelegate.m; sourceTree = "<group>"; };
		2354FEC219587D2200A04FD3 /* Base */ = {isa = PBXFileReference; lastKnownFileType = file.storyboard; name = Base; path = Base.lproj/Main.storyboard; sourceTree = "<group>"; };
		2354FEC419587D2200A04FD3 /* MasterViewController.h */ = {isa = PBXFileReference; lastKnownFileType = sourcecode.c.h; path = MasterViewController.h; sourceTree = "<group>"; };
		2354FEC519587D2200A04FD3 /* MasterViewController.m */ = {isa = PBXFileReference; lastKnownFileType = sourcecode.c.objc; path = MasterViewController.m; sourceTree = "<group>"; };
		2354FECA19587D2200A04FD3 /* Images.xcassets */ = {isa = PBXFileReference; lastKnownFileType = folder.assetcatalog; path = Images.xcassets; sourceTree = "<group>"; };
		2354FED019587D2200A04FD3 /* BuzzTests.xctest */ = {isa = PBXFileReference; explicitFileType = wrapper.cfbundle; includeInIndex = 0; path = BuzzTests.xctest; sourceTree = BUILT_PRODUCTS_DIR; };
		2354FED119587D2200A04FD3 /* XCTest.framework */ = {isa = PBXFileReference; lastKnownFileType = wrapper.framework; name = XCTest.framework; path = Library/Frameworks/XCTest.framework; sourceTree = DEVELOPER_DIR; };
		2354FED919587D2200A04FD3 /* BuzzTests-Info.plist */ = {isa = PBXFileReference; lastKnownFileType = text.plist.xml; path = "BuzzTests-Info.plist"; sourceTree = "<group>"; };
		2354FEDB19587D2200A04FD3 /* en */ = {isa = PBXFileReference; lastKnownFileType = text.plist.strings; name = en; path = en.lproj/InfoPlist.strings; sourceTree = "<group>"; };
		2354FEDD19587D2200A04FD3 /* BuzzTests.m */ = {isa = PBXFileReference; lastKnownFileType = sourcecode.c.objc; path = BuzzTests.m; sourceTree = "<group>"; };
		23BFAF1E19598B62008D60DC /* Subject.h */ = {isa = PBXFileReference; fileEncoding = 4; lastKnownFileType = sourcecode.c.h; path = Subject.h; sourceTree = "<group>"; };
		23BFAF1F19598B62008D60DC /* Subject.m */ = {isa = PBXFileReference; fileEncoding = 4; lastKnownFileType = sourcecode.c.objc; path = Subject.m; sourceTree = "<group>"; };
		23BFAF2219598B77008D60DC /* Grade.h */ = {isa = PBXFileReference; fileEncoding = 4; lastKnownFileType = sourcecode.c.h; path = Grade.h; sourceTree = "<group>"; };
		23BFAF2319598B77008D60DC /* Grade.m */ = {isa = PBXFileReference; fileEncoding = 4; lastKnownFileType = sourcecode.c.objc; path = Grade.m; sourceTree = "<group>"; };
		23BFAF2519598EF5008D60DC /* OverviewTableViewCell.h */ = {isa = PBXFileReference; fileEncoding = 4; lastKnownFileType = sourcecode.c.h; path = OverviewTableViewCell.h; sourceTree = "<group>"; };
		23BFAF2619598EF5008D60DC /* OverviewTableViewCell.m */ = {isa = PBXFileReference; fileEncoding = 4; lastKnownFileType = sourcecode.c.objc; path = OverviewTableViewCell.m; sourceTree = "<group>"; };
		23BFAF291959942B008D60DC /* AddSubjectViewController.h */ = {isa = PBXFileReference; fileEncoding = 4; lastKnownFileType = sourcecode.c.h; path = AddSubjectViewController.h; sourceTree = "<group>"; };
		23BFAF2A1959942B008D60DC /* AddSubjectViewController.m */ = {isa = PBXFileReference; fileEncoding = 4; lastKnownFileType = sourcecode.c.objc; path = AddSubjectViewController.m; sourceTree = "<group>"; };
/* End PBXFileReference section */

/* Begin PBXFrameworksBuildPhase section */
		2354FEA919587D2200A04FD3 /* Frameworks */ = {
			isa = PBXFrameworksBuildPhase;
			buildActionMask = 2147483647;
			files = (
				2354FEB219587D2200A04FD3 /* CoreGraphics.framework in Frameworks */,
				2354FEB419587D2200A04FD3 /* UIKit.framework in Frameworks */,
				2354FEB019587D2200A04FD3 /* Foundation.framework in Frameworks */,
			);
			runOnlyForDeploymentPostprocessing = 0;
		};
		2354FECD19587D2200A04FD3 /* Frameworks */ = {
			isa = PBXFrameworksBuildPhase;
			buildActionMask = 2147483647;
			files = (
				2354FED219587D2200A04FD3 /* XCTest.framework in Frameworks */,
				2354FED419587D2200A04FD3 /* UIKit.framework in Frameworks */,
				2354FED319587D2200A04FD3 /* Foundation.framework in Frameworks */,
			);
			runOnlyForDeploymentPostprocessing = 0;
		};
/* End PBXFrameworksBuildPhase section */

/* Begin PBXGroup section */
		232456FC195B1E2D00524722 /* FDGraphView */ = {
			isa = PBXGroup;
			children = (
				232456FD195B1E2D00524722 /* FDGraphScrollView.h */,
				232456FE195B1E2D00524722 /* FDGraphScrollView.m */,
				232456FF195B1E2D00524722 /* FDGraphView.h */,
				23245700195B1E2D00524722 /* FDGraphView.m */,
			);
			path = FDGraphView;
			sourceTree = "<group>";
		};
		23245703195B1E8B00524722 /* MasterView */ = {
			isa = PBXGroup;
			children = (
				2354FEC419587D2200A04FD3 /* MasterViewController.h */,
				2354FEC519587D2200A04FD3 /* MasterViewController.m */,
			);
			name = MasterView;
			sourceTree = "<group>";
		};
		23245704195B1E9800524722 /* GradeView */ = {
			isa = PBXGroup;
			children = (
				23245706195B1EB100524722 /* ContainerViews */,
				23359C341959A43700CAD274 /* GradeViewController.h */,
				23359C351959A43700CAD274 /* GradeViewController.m */,
			);
			name = GradeView;
			sourceTree = "<group>";
		};
		23245705195B1EA000524722 /* AddSubjectView */ = {
			isa = PBXGroup;
			children = (
				23BFAF291959942B008D60DC /* AddSubjectViewController.h */,
				23BFAF2A1959942B008D60DC /* AddSubjectViewController.m */,
			);
			name = AddSubjectView;
			sourceTree = "<group>";
		};
		23245706195B1EB100524722 /* ContainerViews */ = {
			isa = PBXGroup;
			children = (
				23359C381959AA8C00CAD274 /* GradeTableViewController.h */,
				23359C391959AA8C00CAD274 /* GradeTableViewController.m */,
				23359C3B1959AA9F00CAD274 /* GraphViewController.h */,
				23359C3C1959AA9F00CAD274 /* GraphViewController.m */,
			);
			name = ContainerViews;
			sourceTree = "<group>";
		};
		23245707195B1EC000524722 /* AddGradeView */ = {
			isa = PBXGroup;
			children = (
				2321329F1959E5DA009F2E19 /* AddGradeViewController.h */,
				232132A01959E5DA009F2E19 /* AddGradeViewController.m */,
			);
			name = AddGradeView;
			sourceTree = "<group>";
		};
		23359C371959AA2700CAD274 /* View Controllers */ = {
			isa = PBXGroup;
			children = (
				23245703195B1E8B00524722 /* MasterView */,
				23245704195B1E9800524722 /* GradeView */,
				23245705195B1EA000524722 /* AddSubjectView */,
				23245707195B1EC000524722 /* AddGradeView */,
			);
			name = "View Controllers";
			sourceTree = "<group>";
		};
		23359C411959AAE800CAD274 /* GradeTableViewCell */ = {
			isa = PBXGroup;
			children = (
				23359C3E1959AAE500CAD274 /* GradeTableViewCell.h */,
				23359C3F1959AAE500CAD274 /* GradeTableViewCell.m */,
			);
			name = GradeTableViewCell;
			sourceTree = "<group>";
		};
		23359C421959AB4B00CAD274 /* Cell */ = {
			isa = PBXGroup;
			children = (
				23BFAF2819598EF8008D60DC /* OverviewTableViewCell */,
				23359C411959AAE800CAD274 /* GradeTableViewCell */,
			);
			name = Cell;
			sourceTree = "<group>";
		};
		2354FEA319587D2100A04FD3 = {
			isa = PBXGroup;
			children = (
				2354FEB519587D2200A04FD3 /* Buzz */,
				2354FED719587D2200A04FD3 /* BuzzTests */,
				2354FEAE19587D2200A04FD3 /* Frameworks */,
				2354FEAD19587D2200A04FD3 /* Products */,
			);
			sourceTree = "<group>";
		};
		2354FEAD19587D2200A04FD3 /* Products */ = {
			isa = PBXGroup;
			children = (
				2354FEAC19587D2200A04FD3 /* Buzz.app */,
				2354FED019587D2200A04FD3 /* BuzzTests.xctest */,
			);
			name = Products;
			sourceTree = "<group>";
		};
		2354FEAE19587D2200A04FD3 /* Frameworks */ = {
			isa = PBXGroup;
			children = (
				2354FEAF19587D2200A04FD3 /* Foundation.framework */,
				2354FEB119587D2200A04FD3 /* CoreGraphics.framework */,
				2354FEB319587D2200A04FD3 /* UIKit.framework */,
				2354FED119587D2200A04FD3 /* XCTest.framework */,
			);
			name = Frameworks;
			sourceTree = "<group>";
		};
		2354FEB519587D2200A04FD3 /* Buzz */ = {
			isa = PBXGroup;
			children = (
				232456FC195B1E2D00524722 /* FDGraphView */,
				23359C371959AA2700CAD274 /* View Controllers */,
				23BFAF2119598B65008D60DC /* Model */,
				23359C421959AB4B00CAD274 /* Cell */,
				2354FEBE19587D2200A04FD3 /* AppDelegate.h */,
				2354FEBF19587D2200A04FD3 /* AppDelegate.m */,
				2354FEC119587D2200A04FD3 /* Main.storyboard */,
				2354FECA19587D2200A04FD3 /* Images.xcassets */,
				2354FEB619587D2200A04FD3 /* Supporting Files */,
			);
			path = Buzz;
			sourceTree = "<group>";
		};
		2354FEB619587D2200A04FD3 /* Supporting Files */ = {
			isa = PBXGroup;
			children = (
				2354FEB719587D2200A04FD3 /* Buzz-Info.plist */,
				2354FEB819587D2200A04FD3 /* InfoPlist.strings */,
				2354FEBB19587D2200A04FD3 /* main.m */,
				2354FEBD19587D2200A04FD3 /* Buzz-Prefix.pch */,
			);
			name = "Supporting Files";
			sourceTree = "<group>";
		};
		2354FED719587D2200A04FD3 /* BuzzTests */ = {
			isa = PBXGroup;
			children = (
				2354FEDD19587D2200A04FD3 /* BuzzTests.m */,
				2354FED819587D2200A04FD3 /* Supporting Files */,
			);
			path = BuzzTests;
			sourceTree = "<group>";
		};
		2354FED819587D2200A04FD3 /* Supporting Files */ = {
			isa = PBXGroup;
			children = (
				2354FED919587D2200A04FD3 /* BuzzTests-Info.plist */,
				2354FEDA19587D2200A04FD3 /* InfoPlist.strings */,
			);
			name = "Supporting Files";
			sourceTree = "<group>";
		};
		23BFAF2119598B65008D60DC /* Model */ = {
			isa = PBXGroup;
			children = (
				23BFAF1E19598B62008D60DC /* Subject.h */,
				23BFAF1F19598B62008D60DC /* Subject.m */,
				23BFAF2219598B77008D60DC /* Grade.h */,
				23BFAF2319598B77008D60DC /* Grade.m */,
			);
			name = Model;
			sourceTree = "<group>";
		};
		23BFAF2819598EF8008D60DC /* OverviewTableViewCell */ = {
			isa = PBXGroup;
			children = (
				23BFAF2519598EF5008D60DC /* OverviewTableViewCell.h */,
				23BFAF2619598EF5008D60DC /* OverviewTableViewCell.m */,
			);
			name = OverviewTableViewCell;
			sourceTree = "<group>";
		};
/* End PBXGroup section */

/* Begin PBXNativeTarget section */
		2354FEAB19587D2200A04FD3 /* Buzz */ = {
			isa = PBXNativeTarget;
			buildConfigurationList = 2354FEE119587D2200A04FD3 /* Build configuration list for PBXNativeTarget "Buzz" */;
			buildPhases = (
				2354FEA819587D2200A04FD3 /* Sources */,
				2354FEA919587D2200A04FD3 /* Frameworks */,
				2354FEAA19587D2200A04FD3 /* Resources */,
			);
			buildRules = (
			);
			dependencies = (
			);
			name = Buzz;
			productName = Buzz;
			productReference = 2354FEAC19587D2200A04FD3 /* Buzz.app */;
			productType = "com.apple.product-type.application";
		};
		2354FECF19587D2200A04FD3 /* BuzzTests */ = {
			isa = PBXNativeTarget;
			buildConfigurationList = 2354FEE419587D2200A04FD3 /* Build configuration list for PBXNativeTarget "BuzzTests" */;
			buildPhases = (
				2354FECC19587D2200A04FD3 /* Sources */,
				2354FECD19587D2200A04FD3 /* Frameworks */,
				2354FECE19587D2200A04FD3 /* Resources */,
			);
			buildRules = (
			);
			dependencies = (
				2354FED619587D2200A04FD3 /* PBXTargetDependency */,
			);
			name = BuzzTests;
			productName = BuzzTests;
			productReference = 2354FED019587D2200A04FD3 /* BuzzTests.xctest */;
			productType = "com.apple.product-type.bundle.unit-test";
		};
/* End PBXNativeTarget section */

/* Begin PBXProject section */
		2354FEA419587D2100A04FD3 /* Project object */ = {
			isa = PBXProject;
			attributes = {
				LastUpgradeCheck = 0510;
				ORGANIZATIONNAME = Manfredi;
				TargetAttributes = {
					2354FECF19587D2200A04FD3 = {
						TestTargetID = 2354FEAB19587D2200A04FD3;
					};
				};
			};
			buildConfigurationList = 2354FEA719587D2100A04FD3 /* Build configuration list for PBXProject "Buzz" */;
			compatibilityVersion = "Xcode 3.2";
			developmentRegion = English;
			hasScannedForEncodings = 0;
			knownRegions = (
				en,
				Base,
			);
			mainGroup = 2354FEA319587D2100A04FD3;
			productRefGroup = 2354FEAD19587D2200A04FD3 /* Products */;
			projectDirPath = "";
			projectRoot = "";
			targets = (
				2354FEAB19587D2200A04FD3 /* Buzz */,
				2354FECF19587D2200A04FD3 /* BuzzTests */,
			);
		};
/* End PBXProject section */

/* Begin PBXResourcesBuildPhase section */
		2354FEAA19587D2200A04FD3 /* Resources */ = {
			isa = PBXResourcesBuildPhase;
			buildActionMask = 2147483647;
			files = (
				2354FECB19587D2200A04FD3 /* Images.xcassets in Resources */,
				2354FEBA19587D2200A04FD3 /* InfoPlist.strings in Resources */,
				2354FEC319587D2200A04FD3 /* Main.storyboard in Resources */,
			);
			runOnlyForDeploymentPostprocessing = 0;
		};
		2354FECE19587D2200A04FD3 /* Resources */ = {
			isa = PBXResourcesBuildPhase;
			buildActionMask = 2147483647;
			files = (
				2354FEDC19587D2200A04FD3 /* InfoPlist.strings in Resources */,
			);
			runOnlyForDeploymentPostprocessing = 0;
		};
/* End PBXResourcesBuildPhase section */

/* Begin PBXSourcesBuildPhase section */
		2354FEA819587D2200A04FD3 /* Sources */ = {
			isa = PBXSourcesBuildPhase;
			buildActionMask = 2147483647;
			files = (
				23BFAF2719598EF5008D60DC /* OverviewTableViewCell.m in Sources */,
				2354FEC019587D2200A04FD3 /* AppDelegate.m in Sources */,
				232132A11959E5DA009F2E19 /* AddGradeViewController.m in Sources */,
				23245702195B1E2D00524722 /* FDGraphView.m in Sources */,
				23359C361959A43700CAD274 /* GradeViewController.m in Sources */,
				23359C3D1959AA9F00CAD274 /* GraphViewController.m in Sources */,
				23359C3A1959AA8C00CAD274 /* GradeTableViewController.m in Sources */,
				2354FEC619587D2200A04FD3 /* MasterViewController.m in Sources */,
				2354FEBC19587D2200A04FD3 /* main.m in Sources */,
				23BFAF2419598B77008D60DC /* Grade.m in Sources */,
				23BFAF2B1959942B008D60DC /* AddSubjectViewController.m in Sources */,
				23BFAF2019598B62008D60DC /* Subject.m in Sources */,
				23359C401959AAE500CAD274 /* GradeTableViewCell.m in Sources */,
				23245701195B1E2D00524722 /* FDGraphScrollView.m in Sources */,
			);
			runOnlyForDeploymentPostprocessing = 0;
		};
		2354FECC19587D2200A04FD3 /* Sources */ = {
			isa = PBXSourcesBuildPhase;
			buildActionMask = 2147483647;
			files = (
				2354FEDE19587D2200A04FD3 /* BuzzTests.m in Sources */,
			);
			runOnlyForDeploymentPostprocessing = 0;
		};
/* End PBXSourcesBuildPhase section */

/* Begin PBXTargetDependency section */
		2354FED619587D2200A04FD3 /* PBXTargetDependency */ = {
			isa = PBXTargetDependency;
			target = 2354FEAB19587D2200A04FD3 /* Buzz */;
			targetProxy = 2354FED519587D2200A04FD3 /* PBXContainerItemProxy */;
		};
/* End PBXTargetDependency section */

/* Begin PBXVariantGroup section */
		2354FEB819587D2200A04FD3 /* InfoPlist.strings */ = {
			isa = PBXVariantGroup;
			children = (
				2354FEB919587D2200A04FD3 /* en */,
			);
			name = InfoPlist.strings;
			sourceTree = "<group>";
		};
		2354FEC119587D2200A04FD3 /* Main.storyboard */ = {
			isa = PBXVariantGroup;
			children = (
				2354FEC219587D2200A04FD3 /* Base */,
			);
			name = Main.storyboard;
			sourceTree = "<group>";
		};
		2354FEDA19587D2200A04FD3 /* InfoPlist.strings */ = {
			isa = PBXVariantGroup;
			children = (
				2354FEDB19587D2200A04FD3 /* en */,
			);
			name = InfoPlist.strings;
			sourceTree = "<group>";
		};
/* End PBXVariantGroup section */

/* Begin XCBuildConfiguration section */
		2354FEDF19587D2200A04FD3 /* Debug */ = {
			isa = XCBuildConfiguration;
			buildSettings = {
				ALWAYS_SEARCH_USER_PATHS = NO;
				CLANG_CXX_LANGUAGE_STANDARD = "gnu++0x";
				CLANG_CXX_LIBRARY = "libc++";
				CLANG_ENABLE_MODULES = YES;
				CLANG_ENABLE_OBJC_ARC = YES;
				CLANG_WARN_BOOL_CONVERSION = YES;
				CLANG_WARN_CONSTANT_CONVERSION = YES;
				CLANG_WARN_DIRECT_OBJC_ISA_USAGE = YES_ERROR;
				CLANG_WARN_EMPTY_BODY = YES;
				CLANG_WARN_ENUM_CONVERSION = YES;
				CLANG_WARN_INT_CONVERSION = YES;
				CLANG_WARN_OBJC_ROOT_CLASS = YES_ERROR;
				CLANG_WARN__DUPLICATE_METHOD_MATCH = YES;
				"CODE_SIGN_IDENTITY[sdk=iphoneos*]" = "iPhone Developer";
				COPY_PHASE_STRIP = NO;
				GCC_C_LANGUAGE_STANDARD = gnu99;
				GCC_DYNAMIC_NO_PIC = NO;
				GCC_OPTIMIZATION_LEVEL = 0;
				GCC_PREPROCESSOR_DEFINITIONS = (
					"DEBUG=1",
					"$(inherited)",
				);
				GCC_SYMBOLS_PRIVATE_EXTERN = NO;
				GCC_WARN_64_TO_32_BIT_CONVERSION = YES;
				GCC_WARN_ABOUT_RETURN_TYPE = YES_ERROR;
				GCC_WARN_UNDECLARED_SELECTOR = YES;
				GCC_WARN_UNINITIALIZED_AUTOS = YES_AGGRESSIVE;
				GCC_WARN_UNUSED_FUNCTION = YES;
				GCC_WARN_UNUSED_VARIABLE = YES;
				IPHONEOS_DEPLOYMENT_TARGET = 7.1;
				ONLY_ACTIVE_ARCH = YES;
				SDKROOT = iphoneos;
			};
			name = Debug;
		};
		2354FEE019587D2200A04FD3 /* Release */ = {
			isa = XCBuildConfiguration;
			buildSettings = {
				ALWAYS_SEARCH_USER_PATHS = NO;
				CLANG_CXX_LANGUAGE_STANDARD = "gnu++0x";
				CLANG_CXX_LIBRARY = "libc++";
				CLANG_ENABLE_MODULES = YES;
				CLANG_ENABLE_OBJC_ARC = YES;
				CLANG_WARN_BOOL_CONVERSION = YES;
				CLANG_WARN_CONSTANT_CONVERSION = YES;
				CLANG_WARN_DIRECT_OBJC_ISA_USAGE = YES_ERROR;
				CLANG_WARN_EMPTY_BODY = YES;
				CLANG_WARN_ENUM_CONVERSION = YES;
				CLANG_WARN_INT_CONVERSION = YES;
				CLANG_WARN_OBJC_ROOT_CLASS = YES_ERROR;
				CLANG_WARN__DUPLICATE_METHOD_MATCH = YES;
				"CODE_SIGN_IDENTITY[sdk=iphoneos*]" = "iPhone Developer";
				COPY_PHASE_STRIP = YES;
				ENABLE_NS_ASSERTIONS = NO;
				GCC_C_LANGUAGE_STANDARD = gnu99;
				GCC_WARN_64_TO_32_BIT_CONVERSION = YES;
				GCC_WARN_ABOUT_RETURN_TYPE = YES_ERROR;
				GCC_WARN_UNDECLARED_SELECTOR = YES;
				GCC_WARN_UNINITIALIZED_AUTOS = YES_AGGRESSIVE;
				GCC_WARN_UNUSED_FUNCTION = YES;
				GCC_WARN_UNUSED_VARIABLE = YES;
				IPHONEOS_DEPLOYMENT_TARGET = 7.1;
				SDKROOT = iphoneos;
				VALIDATE_PRODUCT = YES;
			};
			name = Release;
		};
		2354FEE219587D2200A04FD3 /* Debug */ = {
			isa = XCBuildConfiguration;
			buildSettings = {
				ASSETCATALOG_COMPILER_APPICON_NAME = AppIcon;
				ASSETCATALOG_COMPILER_LAUNCHIMAGE_NAME = LaunchImage;
				GCC_PRECOMPILE_PREFIX_HEADER = YES;
				GCC_PREFIX_HEADER = "Buzz/Buzz-Prefix.pch";
				INFOPLIST_FILE = "Buzz/Buzz-Info.plist";
				PRODUCT_NAME = "$(TARGET_NAME)";
				WRAPPER_EXTENSION = app;
			};
			name = Debug;
		};
		2354FEE319587D2200A04FD3 /* Release */ = {
			isa = XCBuildConfiguration;
			buildSettings = {
				ASSETCATALOG_COMPILER_APPICON_NAME = AppIcon;
				ASSETCATALOG_COMPILER_LAUNCHIMAGE_NAME = LaunchImage;
				GCC_PRECOMPILE_PREFIX_HEADER = YES;
				GCC_PREFIX_HEADER = "Buzz/Buzz-Prefix.pch";
				INFOPLIST_FILE = "Buzz/Buzz-Info.plist";
				PRODUCT_NAME = "$(TARGET_NAME)";
				WRAPPER_EXTENSION = app;
			};
			name = Release;
		};
		2354FEE519587D2200A04FD3 /* Debug */ = {
			isa = XCBuildConfiguration;
			buildSettings = {
				BUNDLE_LOADER = "$(BUILT_PRODUCTS_DIR)/Buzz.app/Buzz";
				FRAMEWORK_SEARCH_PATHS = (
					"$(SDKROOT)/Developer/Library/Frameworks",
					"$(inherited)",
					"$(DEVELOPER_FRAMEWORKS_DIR)",
				);
				GCC_PRECOMPILE_PREFIX_HEADER = YES;
				GCC_PREFIX_HEADER = "Buzz/Buzz-Prefix.pch";
				GCC_PREPROCESSOR_DEFINITIONS = (
					"DEBUG=1",
					"$(inherited)",
				);
				INFOPLIST_FILE = "BuzzTests/BuzzTests-Info.plist";
				PRODUCT_NAME = "$(TARGET_NAME)";
				TEST_HOST = "$(BUNDLE_LOADER)";
				WRAPPER_EXTENSION = xctest;
			};
			name = Debug;
		};
		2354FEE619587D2200A04FD3 /* Release */ = {
			isa = XCBuildConfiguration;
			buildSettings = {
				BUNDLE_LOADER = "$(BUILT_PRODUCTS_DIR)/Buzz.app/Buzz";
				FRAMEWORK_SEARCH_PATHS = (
					"$(SDKROOT)/Developer/Library/Frameworks",
					"$(inherited)",
					"$(DEVELOPER_FRAMEWORKS_DIR)",
				);
				GCC_PRECOMPILE_PREFIX_HEADER = YES;
				GCC_PREFIX_HEADER = "Buzz/Buzz-Prefix.pch";
				INFOPLIST_FILE = "BuzzTests/BuzzTests-Info.plist";
				PRODUCT_NAME = "$(TARGET_NAME)";
				TEST_HOST = "$(BUNDLE_LOADER)";
				WRAPPER_EXTENSION = xctest;
			};
			name = Release;
		};
/* End XCBuildConfiguration section */

/* Begin XCConfigurationList section */
		2354FEA719587D2100A04FD3 /* Build configuration list for PBXProject "Buzz" */ = {
			isa = XCConfigurationList;
			buildConfigurations = (
				2354FEDF19587D2200A04FD3 /* Debug */,
				2354FEE019587D2200A04FD3 /* Release */,
			);
			defaultConfigurationIsVisible = 0;
			defaultConfigurationName = Release;
		};
		2354FEE119587D2200A04FD3 /* Build configuration list for PBXNativeTarget "Buzz" */ = {
			isa = XCConfigurationList;
			buildConfigurations = (
				2354FEE219587D2200A04FD3 /* Debug */,
				2354FEE319587D2200A04FD3 /* Release */,
			);
			defaultConfigurationIsVisible = 0;
			defaultConfigurationName = Release;
		};
		2354FEE419587D2200A04FD3 /* Build configuration list for PBXNativeTarget "BuzzTests" */ = {
			isa = XCConfigurationList;
			buildConfigurations = (
				2354FEE519587D2200A04FD3 /* Debug */,
				2354FEE619587D2200A04FD3 /* Release */,
			);
			defaultConfigurationIsVisible = 0;
			defaultConfigurationName = Release;
		};
/* End XCConfigurationList section */
	};
	rootObject = 2354FEA419587D2100A04FD3 /* Project object */;
}
